{
  "name": "ionic-app-base",
  "version": "0.0.0",
  "lockfileVersion": 1,
  "requires": true,
  "dependencies": {
    "@capacitor/core": {
      "version": "1.5.1",
      "resolved": "https://registry.npmjs.org/@capacitor/core/-/core-1.5.1.tgz",
      "integrity": "sha512-3ncsiM+G1w4/osKbtPXGfHGOp/A1WKein1EVDX3O151aqjNf44F+n/zweZG1XvtOmY4AHNaQcHYO/s9nMOmPOw==",
      "requires": {
        "tslib": "^1.9.0"
      },
      "dependencies": {
        "tslib": {
          "version": "1.11.1",
          "resolved": "https://registry.npmjs.org/tslib/-/tslib-1.11.1.tgz",
          "integrity": "sha512-aZW88SY8kQbU7gpV19lN24LtXh/yD4ZZg6qieAJDDg+YBsJcSmLGK9QpnUjAKVG/xefmvJGd1WUmfpT/g6AJGA=="
        }
      }
    }
  }
}
